// !$*UTF8*$!
{
	archiveVersion = 1;
	classes = {
	};
	objectVersion = 56;
	objects = {

/* Begin PBXBuildFile section */
		8181238B2B173D8D00259289 /* AppDelegate.swift in Sources */ = {isa = PBXBuildFile; fileRef = 8181238A2B173D8D00259289 /* AppDelegate.swift */; };
		8181238D2B173D8D00259289 /* SceneDelegate.swift in Sources */ = {isa = PBXBuildFile; fileRef = 8181238C2B173D8D00259289 /* SceneDelegate.swift */; };
		8181238F2B173D8D00259289 /* TableViewController.swift in Sources */ = {isa = PBXBuildFile; fileRef = 8181238E2B173D8D00259289 /* TableViewController.swift */; };
		818123922B173D8D00259289 /* Main.storyboard in Resources */ = {isa = PBXBuildFile; fileRef = 818123902B173D8D00259289 /* Main.storyboard */; };
		818123942B173D8E00259289 /* Assets.xcassets in Resources */ = {isa = PBXBuildFile; fileRef = 818123932B173D8E00259289 /* Assets.xcassets */; };
		818123972B173D8E00259289 /* LaunchScreen.storyboard in Resources */ = {isa = PBXBuildFile; fileRef = 818123952B173D8E00259289 /* LaunchScreen.storyboard */; };
		818123A02B17454B00259289 /* SnapKit in Frameworks */ = {isa = PBXBuildFile; productRef = 8181239F2B17454B00259289 /* SnapKit */; };
		818123A22B17472300259289 /* MyTableCell.swift in Sources */ = {isa = PBXBuildFile; fileRef = 818123A12B17472300259289 /* MyTableCell.swift */; };
		818123A42B174D1600259289 /* DetailsViewController.swift in Sources */ = {isa = PBXBuildFile; fileRef = 818123A32B174D1600259289 /* DetailsViewController.swift */; };
		818123A62B177CE200259289 /* APIManager.swift in Sources */ = {isa = PBXBuildFile; fileRef = 818123A52B177CE200259289 /* APIManager.swift */; };
		818123A82B17805500259289 /* ImageData.swift in Sources */ = {isa = PBXBuildFile; fileRef = 818123A72B17805500259289 /* ImageData.swift */; };
/* End PBXBuildFile section */

/* Begin PBXFileReference section */
		818123872B173D8D00259289 /* TechnicalTask.app */ = {isa = PBXFileReference; explicitFileType = wrapper.application; includeInIndex = 0; path = TechnicalTask.app; sourceTree = BUILT_PRODUCTS_DIR; };
		8181238A2B173D8D00259289 /* AppDelegate.swift */ = {isa = PBXFileReference; lastKnownFileType = sourcecode.swift; path = AppDelegate.swift; sourceTree = "<group>"; };
		8181238C2B173D8D00259289 /* SceneDelegate.swift */ = {isa = PBXFileReference; lastKnownFileType = sourcecode.swift; path = SceneDelegate.swift; sourceTree = "<group>"; };
		8181238E2B173D8D00259289 /* TableViewController.swift */ = {isa = PBXFileReference; lastKnownFileType = sourcecode.swift; path = TableViewController.swift; sourceTree = "<group>"; };
		818123912B173D8D00259289 /* Base */ = {isa = PBXFileReference; lastKnownFileType = file.storyboard; name = Base; path = Base.lproj/Main.storyboard; sourceTree = "<group>"; };
		818123932B173D8E00259289 /* Assets.xcassets */ = {isa = PBXFileReference; lastKnownFileType = folder.assetcatalog; path = Assets.xcassets; sourceTree = "<group>"; };
		818123962B173D8E00259289 /* Base */ = {isa = PBXFileReference; lastKnownFileType = file.storyboard; name = Base; path = Base.lproj/LaunchScreen.storyboard; sourceTree = "<group>"; };
		818123982B173D8E00259289 /* Info.plist */ = {isa = PBXFileReference; lastKnownFileType = text.plist.xml; path = Info.plist; sourceTree = "<group>"; };
		818123A12B17472300259289 /* MyTableCell.swift */ = {isa = PBXFileReference; lastKnownFileType = sourcecode.swift; path = MyTableCell.swift; sourceTree = "<group>"; };
		818123A32B174D1600259289 /* DetailsViewController.swift */ = {isa = PBXFileReference; lastKnownFileType = sourcecode.swift; path = DetailsViewController.swift; sourceTree = "<group>"; };
		818123A52B177CE200259289 /* APIManager.swift */ = {isa = PBXFileReference; lastKnownFileType = sourcecode.swift; path = APIManager.swift; sourceTree = "<group>"; };
		818123A72B17805500259289 /* ImageData.swift */ = {isa = PBXFileReference; lastKnownFileType = sourcecode.swift; path = ImageData.swift; sourceTree = "<group>"; };
/* End PBXFileReference section */

/* Begin PBXFrameworksBuildPhase section */
		818123842B173D8D00259289 /* Frameworks */ = {
			isa = PBXFrameworksBuildPhase;
			buildActionMask = 2147483647;
			files = (
				818123A02B17454B00259289 /* SnapKit in Frameworks */,
			);
			runOnlyForDeploymentPostprocessing = 0;
		};
/* End PBXFrameworksBuildPhase section */

/* Begin PBXGroup section */
		8181237E2B173D8D00259289 = {
			isa = PBXGroup;
			children = (
				818123892B173D8D00259289 /* TechnicalTask */,
				818123882B173D8D00259289 /* Products */,
			);
			sourceTree = "<group>";
		};
		818123882B173D8D00259289 /* Products */ = {
			isa = PBXGroup;
			children = (
				818123872B173D8D00259289 /* TechnicalTask.app */,
			);
			name = Products;
			sourceTree = "<group>";
		};
		818123892B173D8D00259289 /* TechnicalTask */ = {
			isa = PBXGroup;
			children = (
				8181238A2B173D8D00259289 /* AppDelegate.swift */,
				8181238C2B173D8D00259289 /* SceneDelegate.swift */,
				818123A92B18EF2900259289 /* ViewControllers */,
				818123AB2B18EFAD00259289 /* Service */,
				818123902B173D8D00259289 /* Main.storyboard */,
				818123932B173D8E00259289 /* Assets.xcassets */,
				818123952B173D8E00259289 /* LaunchScreen.storyboard */,
				818123982B173D8E00259289 /* Info.plist */,
			);
			path = TechnicalTask;
			sourceTree = "<group>";
		};
		818123A92B18EF2900259289 /* ViewControllers */ = {
			isa = PBXGroup;
			children = (
				818123AA2B18EF4300259289 /* TableCell */,
				8181238E2B173D8D00259289 /* TableViewController.swift */,
				818123A32B174D1600259289 /* DetailsViewController.swift */,
			);
			path = ViewControllers;
			sourceTree = "<group>";
		};
		818123AA2B18EF4300259289 /* TableCell */ = {
			isa = PBXGroup;
			children = (
				818123A12B17472300259289 /* MyTableCell.swift */,
			);
			path = TableCell;
			sourceTree = "<group>";
		};
		818123AB2B18EFAD00259289 /* Service */ = {
			isa = PBXGroup;
			children = (
				818123A72B17805500259289 /* ImageData.swift */,
				818123A52B177CE200259289 /* APIManager.swift */,
			);
			path = Service;
			sourceTree = "<group>";
		};
/* End PBXGroup section */

/* Begin PBXNativeTarget section */
		818123862B173D8D00259289 /* TechnicalTask */ = {
			isa = PBXNativeTarget;
			buildConfigurationList = 8181239B2B173D8E00259289 /* Build configuration list for PBXNativeTarget "TechnicalTask" */;
			buildPhases = (
				818123832B173D8D00259289 /* Sources */,
				818123842B173D8D00259289 /* Frameworks */,
				818123852B173D8D00259289 /* Resources */,
			);
			buildRules = (
			);
			dependencies = (
			);
			name = TechnicalTask;
			packageProductDependencies = (
				8181239F2B17454B00259289 /* SnapKit */,
			);
			productName = TechnicalTask;
			productReference = 818123872B173D8D00259289 /* TechnicalTask.app */;
			productType = "com.apple.product-type.application";
		};
/* End PBXNativeTarget section */

/* Begin PBXProject section */
		8181237F2B173D8D00259289 /* Project object */ = {
			isa = PBXProject;
			attributes = {
				BuildIndependentTargetsInParallel = 1;
				LastSwiftUpdateCheck = 1420;
				LastUpgradeCheck = 1420;
				TargetAttributes = {
					818123862B173D8D00259289 = {
						CreatedOnToolsVersion = 14.2;
					};
				};
			};
			buildConfigurationList = 818123822B173D8D00259289 /* Build configuration list for PBXProject "TechnicalTask" */;
			compatibilityVersion = "Xcode 14.0";
			developmentRegion = en;
			hasScannedForEncodings = 0;
			knownRegions = (
				en,
				Base,
			);
			mainGroup = 8181237E2B173D8D00259289;
			packageReferences = (
				8181239E2B17454B00259289 /* XCRemoteSwiftPackageReference "SnapKit" */,
			);
			productRefGroup = 818123882B173D8D00259289 /* Products */;
			projectDirPath = "";
			projectRoot = "";
			targets = (
				818123862B173D8D00259289 /* TechnicalTask */,
			);
		};
/* End PBXProject section */

/* Begin PBXResourcesBuildPhase section */
		818123852B173D8D00259289 /* Resources */ = {
			isa = PBXResourcesBuildPhase;
			buildActionMask = 2147483647;
			files = (
				818123972B173D8E00259289 /* LaunchScreen.storyboard in Resources */,
				818123942B173D8E00259289 /* Assets.xcassets in Resources */,
				818123922B173D8D00259289 /* Main.storyboard in Resources */,
			);
			runOnlyForDeploymentPostprocessing = 0;
		};
/* End PBXResourcesBuildPhase section */

/* Begin PBXSourcesBuildPhase section */
		818123832B173D8D00259289 /* Sources */ = {
			isa = PBXSourcesBuildPhase;
			buildActionMask = 2147483647;
			files = (
				818123A62B177CE200259289 /* APIManager.swift in Sources */,
				8181238F2B173D8D00259289 /* TableViewController.swift in Sources */,
				8181238B2B173D8D00259289 /* AppDelegate.swift in Sources */,
				818123A22B17472300259289 /* MyTableCell.swift in Sources */,
				8181238D2B173D8D00259289 /* SceneDelegate.swift in Sources */,
				818123A42B174D1600259289 /* DetailsViewController.swift in Sources */,
				818123A82B17805500259289 /* ImageData.swift in Sources */,
			);
			runOnlyForDeploymentPostprocessing = 0;
		};
/* End PBXSourcesBuildPhase section */

/* Begin PBXVariantGroup section */
		818123902B173D8D00259289 /* Main.storyboard */ = {
			isa = PBXVariantGroup;
			children = (
				818123912B173D8D00259289 /* Base */,
			);
			name = Main.storyboard;
			sourceTree = "<group>";
		};
		818123952B173D8E00259289 /* LaunchScreen.storyboard */ = {
			isa = PBXVariantGroup;
			children = (
				818123962B173D8E00259289 /* Base */,
			);
			name = LaunchScreen.storyboard;
			sourceTree = "<group>";
		};
/* End PBXVariantGroup section */

/* Begin XCBuildConfiguration section */
		818123992B173D8E00259289 /* Debug */ = {
			isa = XCBuildConfiguration;
			buildSettings = {
				ALWAYS_SEARCH_USER_PATHS = NO;
				CLANG_ANALYZER_NONNULL = YES;
				CLANG_ANALYZER_NUMBER_OBJECT_CONVERSION = YES_AGGRESSIVE;
				CLANG_CXX_LANGUAGE_STANDARD = "gnu++20";
				CLANG_ENABLE_MODULES = YES;
				CLANG_ENABLE_OBJC_ARC = YES;
				CLANG_ENABLE_OBJC_WEAK = YES;
				CLANG_WARN_BLOCK_CAPTURE_AUTORELEASING = YES;
				CLANG_WARN_BOOL_CONVERSION = YES;
				CLANG_WARN_COMMA = YES;
				CLANG_WARN_CONSTANT_CONVERSION = YES;
				CLANG_WARN_DEPRECATED_OBJC_IMPLEMENTATIONS = YES;
				CLANG_WARN_DIRECT_OBJC_ISA_USAGE = YES_ERROR;
				CLANG_WARN_DOCUMENTATION_COMMENTS = YES;
				CLANG_WARN_EMPTY_BODY = YES;
				CLANG_WARN_ENUM_CONVERSION = YES;
				CLANG_WARN_INFINITE_RECURSION = YES;
				CLANG_WARN_INT_CONVERSION = YES;
				CLANG_WARN_NON_LITERAL_NULL_CONVERSION = YES;
				CLANG_WARN_OBJC_IMPLICIT_RETAIN_SELF = YES;
				CLANG_WARN_OBJC_LITERAL_CONVERSION = YES;
				CLANG_WARN_OBJC_ROOT_CLASS = YES_ERROR;
				CLANG_WARN_QUOTED_INCLUDE_IN_FRAMEWORK_HEADER = YES;
				CLANG_WARN_RANGE_LOOP_ANALYSIS = YES;
				CLANG_WARN_STRICT_PROTOTYPES = YES;
				CLANG_WARN_SUSPICIOUS_MOVE = YES;
				CLANG_WARN_UNGUARDED_AVAILABILITY = YES_AGGRESSIVE;
				CLANG_WARN_UNREACHABLE_CODE = YES;
				CLANG_WARN__DUPLICATE_METHOD_MATCH = YES;
				COPY_PHASE_STRIP = NO;
				DEBUG_INFORMATION_FORMAT = dwarf;
				ENABLE_STRICT_OBJC_MSGSEND = YES;
				ENABLE_TESTABILITY = YES;
				GCC_C_LANGUAGE_STANDARD = gnu11;
				GCC_DYNAMIC_NO_PIC = NO;
				GCC_NO_COMMON_BLOCKS = YES;
				GCC_OPTIMIZATION_LEVEL = 0;
				GCC_PREPROCESSOR_DEFINITIONS = (
					"DEBUG=1",
					"$(inherited)",
				);
				GCC_WARN_64_TO_32_BIT_CONVERSION = YES;
				GCC_WARN_ABOUT_RETURN_TYPE = YES_ERROR;
				GCC_WARN_UNDECLARED_SELECTOR = YES;
				GCC_WARN_UNINITIALIZED_AUTOS = YES_AGGRESSIVE;
				GCC_WARN_UNUSED_FUNCTION = YES;
				GCC_WARN_UNUSED_VARIABLE = YES;
				IPHONEOS_DEPLOYMENT_TARGET = 13.0;
				MTL_ENABLE_DEBUG_INFO = INCLUDE_SOURCE;
				MTL_FAST_MATH = YES;
				ONLY_ACTIVE_ARCH = YES;
				SDKROOT = iphoneos;
				SWIFT_ACTIVE_COMPILATION_CONDITIONS = DEBUG;
				SWIFT_OPTIMIZATION_LEVEL = "-Onone";
			};
			name = Debug;
		};
		8181239A2B173D8E00259289 /* Release */ = {
			isa = XCBuildConfiguration;
			buildSettings = {
				ALWAYS_SEARCH_USER_PATHS = NO;
				CLANG_ANALYZER_NONNULL = YES;
				CLANG_ANALYZER_NUMBER_OBJECT_CONVERSION = YES_AGGRESSIVE;
				CLANG_CXX_LANGUAGE_STANDARD = "gnu++20";
				CLANG_ENABLE_MODULES = YES;
				CLANG_ENABLE_OBJC_ARC = YES;
				CLANG_ENABLE_OBJC_WEAK = YES;
				CLANG_WARN_BLOCK_CAPTURE_AUTORELEASING = YES;
				CLANG_WARN_BOOL_CONVERSION = YES;
				CLANG_WARN_COMMA = YES;
				CLANG_WARN_CONSTANT_CONVERSION = YES;
				CLANG_WARN_DEPRECATED_OBJC_IMPLEMENTATIONS = YES;
				CLANG_WARN_DIRECT_OBJC_ISA_USAGE = YES_ERROR;
				CLANG_WARN_DOCUMENTATION_COMMENTS = YES;
				CLANG_WARN_EMPTY_BODY = YES;
				CLANG_WARN_ENUM_CONVERSION = YES;
				CLANG_WARN_INFINITE_RECURSION = YES;
				CLANG_WARN_INT_CONVERSION = YES;
				CLANG_WARN_NON_LITERAL_NULL_CONVERSION = YES;
				CLANG_WARN_OBJC_IMPLICIT_RETAIN_SELF = YES;
				CLANG_WARN_OBJC_LITERAL_CONVERSION = YES;
				CLANG_WARN_OBJC_ROOT_CLASS = YES_ERROR;
				CLANG_WARN_QUOTED_INCLUDE_IN_FRAMEWORK_HEADER = YES;
				CLANG_WARN_RANGE_LOOP_ANALYSIS = YES;
				CLANG_WARN_STRICT_PROTOTYPES = YES;
				CLANG_WARN_SUSPICIOUS_MOVE = YES;
				CLANG_WARN_UNGUARDED_AVAILABILITY = YES_AGGRESSIVE;
				CLANG_WARN_UNREACHABLE_CODE = YES;
				CLANG_WARN__DUPLICATE_METHOD_MATCH = YES;
				COPY_PHASE_STRIP = NO;
				DEBUG_INFORMATION_FORMAT = "dwarf-with-dsym";
				ENABLE_NS_ASSERTIONS = NO;
				ENABLE_STRICT_OBJC_MSGSEND = YES;
				GCC_C_LANGUAGE_STANDARD = gnu11;
				GCC_NO_COMMON_BLOCKS = YES;
				GCC_WARN_64_TO_32_BIT_CONVERSION = YES;
				GCC_WARN_ABOUT_RETURN_TYPE = YES_ERROR;
				GCC_WARN_UNDECLARED_SELECTOR = YES;
				GCC_WARN_UNINITIALIZED_AUTOS = YES_AGGRESSIVE;
				GCC_WARN_UNUSED_FUNCTION = YES;
				GCC_WARN_UNUSED_VARIABLE = YES;
				IPHONEOS_DEPLOYMENT_TARGET = 13.0;
				MTL_ENABLE_DEBUG_INFO = NO;
				MTL_FAST_MATH = YES;
				SDKROOT = iphoneos;
				SWIFT_COMPILATION_MODE = wholemodule;
				SWIFT_OPTIMIZATION_LEVEL = "-O";
				VALIDATE_PRODUCT = YES;
			};
			name = Release;
		};
		8181239C2B173D8E00259289 /* Debug */ = {
			isa = XCBuildConfiguration;
			buildSettings = {
				ASSETCATALOG_COMPILER_APPICON_NAME = AppIcon;
				ASSETCATALOG_COMPILER_GLOBAL_ACCENT_COLOR_NAME = AccentColor;
				CODE_SIGN_STYLE = Automatic;
				CURRENT_PROJECT_VERSION = 1;
				GENERATE_INFOPLIST_FILE = YES;
				INFOPLIST_FILE = TechnicalTask/Info.plist;
				INFOPLIST_KEY_UIApplicationSupportsIndirectInputEvents = YES;
				INFOPLIST_KEY_UILaunchStoryboardName = LaunchScreen;
				INFOPLIST_KEY_UIMainStoryboardFile = Main;
				INFOPLIST_KEY_UISupportedInterfaceOrientations_iPad = "UIInterfaceOrientationPortrait UIInterfaceOrientationPortraitUpsideDown UIInterfaceOrientationLandscapeLeft UIInterfaceOrientationLandscapeRight";
				INFOPLIST_KEY_UISupportedInterfaceOrientations_iPhone = "UIInterfaceOrientationPortrait UIInterfaceOrientationLandscapeLeft UIInterfaceOrientationLandscapeRight";
				LD_RUNPATH_SEARCH_PATHS = (
					"$(inherited)",
					"@executable_path/Frameworks",
				);
				MARKETING_VERSION = 1.0;
				PRODUCT_BUNDLE_IDENTIFIER = com.TechnicalTask;
				PRODUCT_NAME = "$(TARGET_NAME)";
				SWIFT_EMIT_LOC_STRINGS = YES;
				SWIFT_VERSION = 5.0;
				TARGETED_DEVICE_FAMILY = "1,2";
			};
			name = Debug;
		};
		8181239D2B173D8E00259289 /* Release */ = {
			isa = XCBuildConfiguration;
			buildSettings = {
				ASSETCATALOG_COMPILER_APPICON_NAME = AppIcon;
				ASSETCATALOG_COMPILER_GLOBAL_ACCENT_COLOR_NAME = AccentColor;
				CODE_SIGN_STYLE = Automatic;
				CURRENT_PROJECT_VERSION = 1;
				GENERATE_INFOPLIST_FILE = YES;
				INFOPLIST_FILE = TechnicalTask/Info.plist;
				INFOPLIST_KEY_UIApplicationSupportsIndirectInputEvents = YES;
				INFOPLIST_KEY_UILaunchStoryboardName = LaunchScreen;
				INFOPLIST_KEY_UIMainStoryboardFile = Main;
				INFOPLIST_KEY_UISupportedInterfaceOrientations_iPad = "UIInterfaceOrientationPortrait UIInterfaceOrientationPortraitUpsideDown UIInterfaceOrientationLandscapeLeft UIInterfaceOrientationLandscapeRight";
				INFOPLIST_KEY_UISupportedInterfaceOrientations_iPhone = "UIInterfaceOrientationPortrait UIInterfaceOrientationLandscapeLeft UIInterfaceOrientationLandscapeRight";
				LD_RUNPATH_SEARCH_PATHS = (
					"$(inherited)",
					"@executable_path/Frameworks",
				);
				MARKETING_VERSION = 1.0;
				PRODUCT_BUNDLE_IDENTIFIER = com.TechnicalTask;
				PRODUCT_NAME = "$(TARGET_NAME)";
				SWIFT_EMIT_LOC_STRINGS = YES;
				SWIFT_VERSION = 5.0;
				TARGETED_DEVICE_FAMILY = "1,2";
			};
			name = Release;
		};
/* End XCBuildConfiguration section */

/* Begin XCConfigurationList section */
		818123822B173D8D00259289 /* Build configuration list for PBXProject "TechnicalTask" */ = {
			isa = XCConfigurationList;
			buildConfigurations = (
				818123992B173D8E00259289 /* Debug */,
				8181239A2B173D8E00259289 /* Release */,
			);
			defaultConfigurationIsVisible = 0;
			defaultConfigurationName = Release;
		};
		8181239B2B173D8E00259289 /* Build configuration list for PBXNativeTarget "TechnicalTask" */ = {
			isa = XCConfigurationList;
			buildConfigurations = (
				8181239C2B173D8E00259289 /* Debug */,
				8181239D2B173D8E00259289 /* Release */,
			);
			defaultConfigurationIsVisible = 0;
			defaultConfigurationName = Release;
		};
/* End XCConfigurationList section */

/* Begin XCRemoteSwiftPackageReference section */
		8181239E2B17454B00259289 /* XCRemoteSwiftPackageReference "SnapKit" */ = {
			isa = XCRemoteSwiftPackageReference;
			repositoryURL = "https://github.com/SnapKit/SnapKit";
			requirement = {
				branch = develop;
				kind = branch;
			};
		};
/* End XCRemoteSwiftPackageReference section */

/* Begin XCSwiftPackageProductDependency section */
		8181239F2B17454B00259289 /* SnapKit */ = {
			isa = XCSwiftPackageProductDependency;
			package = 8181239E2B17454B00259289 /* XCRemoteSwiftPackageReference "SnapKit" */;
			productName = SnapKit;
		};
/* End XCSwiftPackageProductDependency section */
	};
	rootObject = 8181237F2B173D8D00259289 /* Project object */;
}
